
Microsoft Visual Studio Solution File, Format Version 12.00
# Visual Studio Version 16
VisualStudioVersion = 16.6.30114.105
MinimumVisualStudioVersion = 10.0.40219.1
Project("{2150E333-8FDC-42A3-9474-1A3956D46DE8}") = "src", "src", "{B4363E3B-06D1-4E98-B0E4-49AA746BD8EE}"
EndProject
Project("{FAE04EC0-301F-11D3-BF4B-00C04F79EFBC}") = "Payment.Api", "src\Payment.Api\Payment.Api.csproj", "{724BA752-D271-442E-9565-E8063E981DE6}"
EndProject
Project("{FAE04EC0-301F-11D3-BF4B-00C04F79EFBC}") = "Order.Api", "src\Order.Api\Order.Api.csproj", "{160D2712-1529-43E6-9FE9-EA7300D178A3}"
EndProject
Global
	GlobalSection(SolutionConfigurationPlatforms) = preSolution
		Debug|Any CPU = Debug|Any CPU
		Debug|x64 = Debug|x64
		Debug|x86 = Debug|x86
		Release|Any CPU = Release|Any CPU
		Release|x64 = Release|x64
		Release|x86 = Release|x86
	EndGlobalSection
	GlobalSection(SolutionProperties) = preSolution
		HideSolutionNode = FALSE
	EndGlobalSection
	GlobalSection(ProjectConfigurationPlatforms) = postSolution
		{724BA752-D271-442E-9565-E8063E981DE6}.Debug|Any CPU.ActiveCfg = Debug|Any CPU
		{724BA752-D271-442E-9565-E8063E981DE6}.Debug|Any CPU.Build.0 = Debug|Any CPU
		{724BA752-D271-442E-9565-E8063E981DE6}.Debug|x64.ActiveCfg = Debug|Any CPU
		{724BA752-D271-442E-9565-E8063E981DE6}.Debug|x64.Build.0 = Debug|Any CPU
		{724BA752-D271-442E-9565-E8063E981DE6}.Debug|x86.ActiveCfg = Debug|Any CPU
		{724BA752-D271-442E-9565-E8063E981DE6}.Debug|x86.Build.0 = Debug|Any CPU
		{724BA752-D271-442E-9565-E8063E981DE6}.Release|Any CPU.ActiveCfg = Release|Any CPU
		{724BA752-D271-442E-9565-E8063E981DE6}.Release|Any CPU.Build.0 = Release|Any CPU
		{724BA752-D271-442E-9565-E8063E981DE6}.Release|x64.ActiveCfg = Release|Any CPU
		{724BA752-D271-442E-9565-E8063E981DE6}.Release|x64.Build.0 = Release|Any CPU
		{724BA752-D271-442E-9565-E8063E981DE6}.Release|x86.ActiveCfg = Release|Any CPU
		{724BA752-D271-442E-9565-E8063E981DE6}.Release|x86.Build.0 = Release|Any CPU
		{160D2712-1529-43E6-9FE9-EA7300D178A3}.Debug|Any CPU.ActiveCfg = Debug|Any CPU
		{160D2712-1529-43E6-9FE9-EA7300D178A3}.Debug|Any CPU.Build.0 = Debug|Any CPU
		{160D2712-1529-43E6-9FE9-EA7300D178A3}.Debug|x64.ActiveCfg = Debug|Any CPU
		{160D2712-1529-43E6-9FE9-EA7300D178A3}.Debug|x64.Build.0 = Debug|Any CPU
		{160D2712-1529-43E6-9FE9-EA7300D178A3}.Debug|x86.ActiveCfg = Debug|Any CPU
		{160D2712-1529-43E6-9FE9-EA7300D178A3}.Debug|x86.Build.0 = Debug|Any CPU
		{160D2712-1529-43E6-9FE9-EA7300D178A3}.Release|Any CPU.ActiveCfg = Release|Any CPU
		{160D2712-1529-43E6-9FE9-EA7300D178A3}.Release|Any CPU.Build.0 = Release|Any CPU
		{160D2712-1529-43E6-9FE9-EA7300D178A3}.Release|x64.ActiveCfg = Release|Any CPU
		{160D2712-1529-43E6-9FE9-EA7300D178A3}.Release|x64.Build.0 = Release|Any CPU
		{160D2712-1529-43E6-9FE9-EA7300D178A3}.Release|x86.ActiveCfg = Release|Any CPU
		{160D2712-1529-43E6-9FE9-EA7300D178A3}.Release|x86.Build.0 = Release|Any CPU
	EndGlobalSection
	GlobalSection(NestedProjects) = preSolution
		{724BA752-D271-442E-9565-E8063E981DE6} = {B4363E3B-06D1-4E98-B0E4-49AA746BD8EE}
		{160D2712-1529-43E6-9FE9-EA7300D178A3} = {B4363E3B-06D1-4E98-B0E4-49AA746BD8EE}
	EndGlobalSection
EndGlobal
